// !$*UTF8*$!
{
	archiveVersion = 1;
	classes = {
	};
	objectVersion = 50;
	objects = {

/* Begin PBXBuildFile section */
		51635AF12110446000502B8F /* ULPlatform.m in Sources */ = {isa = PBXBuildFile; fileRef = 51635AF02110446000502B8F /* ULPlatform.m */; };
		51B0C24A210EAF8000BC15B9 /* AppDelegate.m in Sources */ = {isa = PBXBuildFile; fileRef = 51B0C249210EAF8000BC15B9 /* AppDelegate.m */; };
		51B0C250210EAF8000BC15B9 /* Main.storyboard in Resources */ = {isa = PBXBuildFile; fileRef = 51B0C24E210EAF8000BC15B9 /* Main.storyboard */; };
		51B0C252210EAF8200BC15B9 /* Assets.xcassets in Resources */ = {isa = PBXBuildFile; fileRef = 51B0C251210EAF8200BC15B9 /* Assets.xcassets */; };
		51B0C255210EAF8200BC15B9 /* LaunchScreen.storyboard in Resources */ = {isa = PBXBuildFile; fileRef = 51B0C253210EAF8200BC15B9 /* LaunchScreen.storyboard */; };
		51B0C258210EAF8200BC15B9 /* main.m in Sources */ = {isa = PBXBuildFile; fileRef = 51B0C257210EAF8200BC15B9 /* main.m */; };
		51B0C266210ED3DC00BC15B9 /* ULDevController.m in Sources */ = {isa = PBXBuildFile; fileRef = 51B0C265210ED3DC00BC15B9 /* ULDevController.m */; };
		51B0C269210ED64000BC15B9 /* ULController.m in Sources */ = {isa = PBXBuildFile; fileRef = 51B0C268210ED64000BC15B9 /* ULController.m */; };
		51E7324C2111A78E007E30A1 /* MobLinkProxy.m in Sources */ = {isa = PBXBuildFile; fileRef = 51E7324B2111A78E007E30A1 /* MobLinkProxy.m */; };
		FE5948779EC820C9296AF160 /* libPods-UniversalLinkDev.a in Frameworks */ = {isa = PBXBuildFile; fileRef = 40CA181DF2AAAEF4CA8D5BAC /* libPods-UniversalLinkDev.a */; };
/* End PBXBuildFile section */

/* Begin PBXFileReference section */
		01920780F4A1BB9F3479FDF8 /* Pods-UniversalLinkDev.release.xcconfig */ = {isa = PBXFileReference; includeInIndex = 1; lastKnownFileType = text.xcconfig; name = "Pods-UniversalLinkDev.release.xcconfig"; path = "Pods/Target Support Files/Pods-UniversalLinkDev/Pods-UniversalLinkDev.release.xcconfig"; sourceTree = "<group>"; };
		40CA181DF2AAAEF4CA8D5BAC /* libPods-UniversalLinkDev.a */ = {isa = PBXFileReference; explicitFileType = archive.ar; includeInIndex = 0; path = "libPods-UniversalLinkDev.a"; sourceTree = BUILT_PRODUCTS_DIR; };
		51635AEF2110446000502B8F /* ULPlatform.h */ = {isa = PBXFileReference; lastKnownFileType = sourcecode.c.h; path = ULPlatform.h; sourceTree = "<group>"; };
		51635AF02110446000502B8F /* ULPlatform.m */ = {isa = PBXFileReference; lastKnownFileType = sourcecode.c.objc; path = ULPlatform.m; sourceTree = "<group>"; };
		51B0C245210EAF8000BC15B9 /* UniversalLinkDev.app */ = {isa = PBXFileReference; explicitFileType = wrapper.application; includeInIndex = 0; path = UniversalLinkDev.app; sourceTree = BUILT_PRODUCTS_DIR; };
		51B0C248210EAF8000BC15B9 /* AppDelegate.h */ = {isa = PBXFileReference; lastKnownFileType = sourcecode.c.h; path = AppDelegate.h; sourceTree = "<group>"; };
		51B0C249210EAF8000BC15B9 /* AppDelegate.m */ = {isa = PBXFileReference; lastKnownFileType = sourcecode.c.objc; path = AppDelegate.m; sourceTree = "<group>"; };
		51B0C24F210EAF8000BC15B9 /* Base */ = {isa = PBXFileReference; lastKnownFileType = file.storyboard; name = Base; path = Base.lproj/Main.storyboard; sourceTree = "<group>"; };
		51B0C251210EAF8200BC15B9 /* Assets.xcassets */ = {isa = PBXFileReference; lastKnownFileType = folder.assetcatalog; path = Assets.xcassets; sourceTree = "<group>"; };
		51B0C254210EAF8200BC15B9 /* Base */ = {isa = PBXFileReference; lastKnownFileType = file.storyboard; name = Base; path = Base.lproj/LaunchScreen.storyboard; sourceTree = "<group>"; };
		51B0C256210EAF8200BC15B9 /* Info.plist */ = {isa = PBXFileReference; lastKnownFileType = text.plist.xml; path = Info.plist; sourceTree = "<group>"; };
		51B0C257210EAF8200BC15B9 /* main.m */ = {isa = PBXFileReference; lastKnownFileType = sourcecode.c.objc; path = main.m; sourceTree = "<group>"; };
		51B0C263210ED26A00BC15B9 /* UniversalLinkDev.entitlements */ = {isa = PBXFileReference; lastKnownFileType = text.plist.entitlements; path = UniversalLinkDev.entitlements; sourceTree = "<group>"; };
		51B0C264210ED3DC00BC15B9 /* ULDevController.h */ = {isa = PBXFileReference; lastKnownFileType = sourcecode.c.h; path = ULDevController.h; sourceTree = "<group>"; };
		51B0C265210ED3DC00BC15B9 /* ULDevController.m */ = {isa = PBXFileReference; lastKnownFileType = sourcecode.c.objc; path = ULDevController.m; sourceTree = "<group>"; };
		51B0C267210ED64000BC15B9 /* ULController.h */ = {isa = PBXFileReference; lastKnownFileType = sourcecode.c.h; path = ULController.h; sourceTree = "<group>"; };
		51B0C268210ED64000BC15B9 /* ULController.m */ = {isa = PBXFileReference; lastKnownFileType = sourcecode.c.objc; path = ULController.m; sourceTree = "<group>"; };
		51E7324A2111A78E007E30A1 /* MobLinkProxy.h */ = {isa = PBXFileReference; lastKnownFileType = sourcecode.c.h; path = MobLinkProxy.h; sourceTree = "<group>"; };
		51E7324B2111A78E007E30A1 /* MobLinkProxy.m */ = {isa = PBXFileReference; lastKnownFileType = sourcecode.c.objc; path = MobLinkProxy.m; sourceTree = "<group>"; };
		FB7E95F5D8FFDE07BB6C154E /* Pods-UniversalLinkDev.debug.xcconfig */ = {isa = PBXFileReference; includeInIndex = 1; lastKnownFileType = text.xcconfig; name = "Pods-UniversalLinkDev.debug.xcconfig"; path = "Pods/Target Support Files/Pods-UniversalLinkDev/Pods-UniversalLinkDev.debug.xcconfig"; sourceTree = "<group>"; };
/* End PBXFileReference section */

/* Begin PBXFrameworksBuildPhase section */
		51B0C242210EAF8000BC15B9 /* Frameworks */ = {
			isa = PBXFrameworksBuildPhase;
			buildActionMask = 2147483647;
			files = (
				FE5948779EC820C9296AF160 /* libPods-UniversalLinkDev.a in Frameworks */,
			);
			runOnlyForDeploymentPostprocessing = 0;
		};
/* End PBXFrameworksBuildPhase section */

/* Begin PBXGroup section */
		26EC1E9A48327C4B73C27E8B /* Pods */ = {
			isa = PBXGroup;
			children = (
				FB7E95F5D8FFDE07BB6C154E /* Pods-UniversalLinkDev.debug.xcconfig */,
				01920780F4A1BB9F3479FDF8 /* Pods-UniversalLinkDev.release.xcconfig */,
			);
			name = Pods;
			sourceTree = "<group>";
		};
		51635AE7211041FC00502B8F /* AppDelegate */ = {
			isa = PBXGroup;
			children = (
				51B0C248210EAF8000BC15B9 /* AppDelegate.h */,
				51B0C249210EAF8000BC15B9 /* AppDelegate.m */,
			);
			path = AppDelegate;
			sourceTree = "<group>";
		};
		51635AE82110420900502B8F /* Supporting Files */ = {
			isa = PBXGroup;
			children = (
				51B0C257210EAF8200BC15B9 /* main.m */,
				51B0C24E210EAF8000BC15B9 /* Main.storyboard */,
				51B0C251210EAF8200BC15B9 /* Assets.xcassets */,
				51B0C253210EAF8200BC15B9 /* LaunchScreen.storyboard */,
			);
			path = "Supporting Files";
			sourceTree = "<group>";
		};
		51635AE92110423000502B8F /* Controllers */ = {
			isa = PBXGroup;
			children = (
				51B0C267210ED64000BC15B9 /* ULController.h */,
				51B0C268210ED64000BC15B9 /* ULController.m */,
				51B0C264210ED3DC00BC15B9 /* ULDevController.h */,
				51B0C265210ED3DC00BC15B9 /* ULDevController.m */,
			);
			path = Controllers;
			sourceTree = "<group>";
		};
		51635AEE2110444F00502B8F /* Platform */ = {
			isa = PBXGroup;
			children = (
				51635AEF2110446000502B8F /* ULPlatform.h */,
				51635AF02110446000502B8F /* ULPlatform.m */,
				51E7324A2111A78E007E30A1 /* MobLinkProxy.h */,
				51E7324B2111A78E007E30A1 /* MobLinkProxy.m */,
			);
			path = Platform;
			sourceTree = "<group>";
		};
		51B0C23C210EAF8000BC15B9 = {
			isa = PBXGroup;
			children = (
				51B0C247210EAF8000BC15B9 /* UniversalLinkDev */,
				51B0C246210EAF8000BC15B9 /* Products */,
				26EC1E9A48327C4B73C27E8B /* Pods */,
				B114AF6803ED167997B39523 /* Frameworks */,
			);
			sourceTree = "<group>";
		};
		51B0C246210EAF8000BC15B9 /* Products */ = {
			isa = PBXGroup;
			children = (
				51B0C245210EAF8000BC15B9 /* UniversalLinkDev.app */,
			);
			name = Products;
			sourceTree = "<group>";
		};
		51B0C247210EAF8000BC15B9 /* UniversalLinkDev */ = {
			isa = PBXGroup;
			children = (
				51635AE7211041FC00502B8F /* AppDelegate */,
				51635AEE2110444F00502B8F /* Platform */,
				51635AE92110423000502B8F /* Controllers */,
				51635AE82110420900502B8F /* Supporting Files */,
				51B0C263210ED26A00BC15B9 /* UniversalLinkDev.entitlements */,
				51B0C256210EAF8200BC15B9 /* Info.plist */,
			);
			path = UniversalLinkDev;
			sourceTree = "<group>";
		};
		B114AF6803ED167997B39523 /* Frameworks */ = {
			isa = PBXGroup;
			children = (
				40CA181DF2AAAEF4CA8D5BAC /* libPods-UniversalLinkDev.a */,
			);
			name = Frameworks;
			sourceTree = "<group>";
		};
/* End PBXGroup section */

/* Begin PBXNativeTarget section */
		51B0C244210EAF8000BC15B9 /* UniversalLinkDev */ = {
			isa = PBXNativeTarget;
			buildConfigurationList = 51B0C25B210EAF8200BC15B9 /* Build configuration list for PBXNativeTarget "UniversalLinkDev" */;
			buildPhases = (
				05F3B76DDA4D9740C4F927D0 /* [CP] Check Pods Manifest.lock */,
				51B0C241210EAF8000BC15B9 /* Sources */,
				51B0C242210EAF8000BC15B9 /* Frameworks */,
				51B0C243210EAF8000BC15B9 /* Resources */,
			);
			buildRules = (
			);
			dependencies = (
			);
			name = UniversalLinkDev;
			productName = UniversalLinkDev;
			productReference = 51B0C245210EAF8000BC15B9 /* UniversalLinkDev.app */;
			productType = "com.apple.product-type.application";
		};
/* End PBXNativeTarget section */

/* Begin PBXProject section */
		51B0C23D210EAF8000BC15B9 /* Project object */ = {
			isa = PBXProject;
			attributes = {
				LastUpgradeCheck = 0940;
				ORGANIZATIONNAME = CoderHG;
				TargetAttributes = {
					51B0C244210EAF8000BC15B9 = {
						CreatedOnToolsVersion = 9.4.1;
						SystemCapabilities = {
							com.apple.SafariKeychain = {
								enabled = 1;
							};
						};
					};
				};
			};
			buildConfigurationList = 51B0C240210EAF8000BC15B9 /* Build configuration list for PBXProject "UniversalLinkDev" */;
			compatibilityVersion = "Xcode 9.3";
			developmentRegion = en;
			hasScannedForEncodings = 0;
			knownRegions = (
				en,
				Base,
			);
			mainGroup = 51B0C23C210EAF8000BC15B9;
			productRefGroup = 51B0C246210EAF8000BC15B9 /* Products */;
			projectDirPath = "";
			projectRoot = "";
			targets = (
				51B0C244210EAF8000BC15B9 /* UniversalLinkDev */,
			);
		};
/* End PBXProject section */

/* Begin PBXResourcesBuildPhase section */
		51B0C243210EAF8000BC15B9 /* Resources */ = {
			isa = PBXResourcesBuildPhase;
			buildActionMask = 2147483647;
			files = (
				51B0C255210EAF8200BC15B9 /* LaunchScreen.storyboard in Resources */,
				51B0C252210EAF8200BC15B9 /* Assets.xcassets in Resources */,
				51B0C250210EAF8000BC15B9 /* Main.storyboard in Resources */,
			);
			runOnlyForDeploymentPostprocessing = 0;
		};
/* End PBXResourcesBuildPhase section */

/* Begin PBXShellScriptBuildPhase section */
		05F3B76DDA4D9740C4F927D0 /* [CP] Check Pods Manifest.lock */ = {
			isa = PBXShellScriptBuildPhase;
			buildActionMask = 2147483647;
			files = (
			);
			inputPaths = (
				"${PODS_PODFILE_DIR_PATH}/Podfile.lock",
				"${PODS_ROOT}/Manifest.lock",
			);
			name = "[CP] Check Pods Manifest.lock";
			outputPaths = (
				"$(DERIVED_FILE_DIR)/Pods-UniversalLinkDev-checkManifestLockResult.txt",
			);
			runOnlyForDeploymentPostprocessing = 0;
			shellPath = /bin/sh;
			shellScript = "diff \"${PODS_PODFILE_DIR_PATH}/Podfile.lock\" \"${PODS_ROOT}/Manifest.lock\" > /dev/null\nif [ $? != 0 ] ; then\n    # print error to STDERR\n    echo \"error: The sandbox is not in sync with the Podfile.lock. Run 'pod install' or update your CocoaPods installation.\" >&2\n    exit 1\nfi\n# This output is used by Xcode 'outputs' to avoid re-running this script phase.\necho \"SUCCESS\" > \"${SCRIPT_OUTPUT_FILE_0}\"\n";
			showEnvVarsInLog = 0;
		};
/* End PBXShellScriptBuildPhase section */

/* Begin PBXSourcesBuildPhase section */
		51B0C241210EAF8000BC15B9 /* Sources */ = {
			isa = PBXSourcesBuildPhase;
			buildActionMask = 2147483647;
			files = (
				51B0C266210ED3DC00BC15B9 /* ULDevController.m in Sources */,
				51E7324C2111A78E007E30A1 /* MobLinkProxy.m in Sources */,
				51B0C258210EAF8200BC15B9 /* main.m in Sources */,
				51635AF12110446000502B8F /* ULPlatform.m in Sources */,
				51B0C269210ED64000BC15B9 /* ULController.m in Sources */,
				51B0C24A210EAF8000BC15B9 /* AppDelegate.m in Sources */,
			);
			runOnlyForDeploymentPostprocessing = 0;
		};
/* End PBXSourcesBuildPhase section */

/* Begin PBXVariantGroup section */
		51B0C24E210EAF8000BC15B9 /* Main.storyboard */ = {
			isa = PBXVariantGroup;
			children = (
				51B0C24F210EAF8000BC15B9 /* Base */,
			);
			name = Main.storyboard;
			sourceTree = "<group>";
		};
		51B0C253210EAF8200BC15B9 /* LaunchScreen.storyboard */ = {
			isa = PBXVariantGroup;
			children = (
				51B0C254210EAF8200BC15B9 /* Base */,
			);
			name = LaunchScreen.storyboard;
			sourceTree = "<group>";
		};
/* End PBXVariantGroup section */

/* Begin XCBuildConfiguration section */
		51B0C259210EAF8200BC15B9 /* Debug */ = {
			isa = XCBuildConfiguration;
			buildSettings = {
				ALWAYS_SEARCH_USER_PATHS = NO;
				CLANG_ANALYZER_NONNULL = YES;
				CLANG_ANALYZER_NUMBER_OBJECT_CONVERSION = YES_AGGRESSIVE;
				CLANG_CXX_LANGUAGE_STANDARD = "gnu++14";
				CLANG_CXX_LIBRARY = "libc++";
				CLANG_ENABLE_MODULES = YES;
				CLANG_ENABLE_OBJC_ARC = YES;
				CLANG_ENABLE_OBJC_WEAK = YES;
				CLANG_WARN_BLOCK_CAPTURE_AUTORELEASING = YES;
				CLANG_WARN_BOOL_CONVERSION = YES;
				CLANG_WARN_COMMA = YES;
				CLANG_WARN_CONSTANT_CONVERSION = YES;
				CLANG_WARN_DEPRECATED_OBJC_IMPLEMENTATIONS = YES;
				CLANG_WARN_DIRECT_OBJC_ISA_USAGE = YES_ERROR;
				CLANG_WARN_DOCUMENTATION_COMMENTS = YES;
				CLANG_WARN_EMPTY_BODY = YES;
				CLANG_WARN_ENUM_CONVERSION = YES;
				CLANG_WARN_INFINITE_RECURSION = YES;
				CLANG_WARN_INT_CONVERSION = YES;
				CLANG_WARN_NON_LITERAL_NULL_CONVERSION = YES;
				CLANG_WARN_OBJC_IMPLICIT_RETAIN_SELF = YES;
				CLANG_WARN_OBJC_LITERAL_CONVERSION = YES;
				CLANG_WARN_OBJC_ROOT_CLASS = YES_ERROR;
				CLANG_WARN_RANGE_LOOP_ANALYSIS = YES;
				CLANG_WARN_STRICT_PROTOTYPES = YES;
				CLANG_WARN_SUSPICIOUS_MOVE = YES;
				CLANG_WARN_UNGUARDED_AVAILABILITY = YES_AGGRESSIVE;
				CLANG_WARN_UNREACHABLE_CODE = YES;
				CLANG_WARN__DUPLICATE_METHOD_MATCH = YES;
				CODE_SIGN_IDENTITY = "iPhone Developer";
				COPY_PHASE_STRIP = NO;
				DEBUG_INFORMATION_FORMAT = dwarf;
				ENABLE_STRICT_OBJC_MSGSEND = YES;
				ENABLE_TESTABILITY = YES;
				GCC_C_LANGUAGE_STANDARD = gnu11;
				GCC_DYNAMIC_NO_PIC = NO;
				GCC_NO_COMMON_BLOCKS = YES;
				GCC_OPTIMIZATION_LEVEL = 0;
				GCC_PREPROCESSOR_DEFINITIONS = (
					"DEBUG=1",
					"$(inherited)",
				);
				GCC_WARN_64_TO_32_BIT_CONVERSION = YES;
				GCC_WARN_ABOUT_RETURN_TYPE = YES_ERROR;
				GCC_WARN_UNDECLARED_SELECTOR = YES;
				GCC_WARN_UNINITIALIZED_AUTOS = YES_AGGRESSIVE;
				GCC_WARN_UNUSED_FUNCTION = YES;
				GCC_WARN_UNUSED_VARIABLE = YES;
				IPHONEOS_DEPLOYMENT_TARGET = 11.4;
				MTL_ENABLE_DEBUG_INFO = YES;
				ONLY_ACTIVE_ARCH = YES;
				SDKROOT = iphoneos;
			};
			name = Debug;
		};
		51B0C25A210EAF8200BC15B9 /* Release */ = {
			isa = XCBuildConfiguration;
			buildSettings = {
				ALWAYS_SEARCH_USER_PATHS = NO;
				CLANG_ANALYZER_NONNULL = YES;
				CLANG_ANALYZER_NUMBER_OBJECT_CONVERSION = YES_AGGRESSIVE;
				CLANG_CXX_LANGUAGE_STANDARD = "gnu++14";
				CLANG_CXX_LIBRARY = "libc++";
				CLANG_ENABLE_MODULES = YES;
				CLANG_ENABLE_OBJC_ARC = YES;
				CLANG_ENABLE_OBJC_WEAK = YES;
				CLANG_WARN_BLOCK_CAPTURE_AUTORELEASING = YES;
				CLANG_WARN_BOOL_CONVERSION = YES;
				CLANG_WARN_COMMA = YES;
				CLANG_WARN_CONSTANT_CONVERSION = YES;
				CLANG_WARN_DEPRECATED_OBJC_IMPLEMENTATIONS = YES;
				CLANG_WARN_DIRECT_OBJC_ISA_USAGE = YES_ERROR;
				CLANG_WARN_DOCUMENTATION_COMMENTS = YES;
				CLANG_WARN_EMPTY_BODY = YES;
				CLANG_WARN_ENUM_CONVERSION = YES;
				CLANG_WARN_INFINITE_RECURSION = YES;
				CLANG_WARN_INT_CONVERSION = YES;
				CLANG_WARN_NON_LITERAL_NULL_CONVERSION = YES;
				CLANG_WARN_OBJC_IMPLICIT_RETAIN_SELF = YES;
				CLANG_WARN_OBJC_LITERAL_CONVERSION = YES;
				CLANG_WARN_OBJC_ROOT_CLASS = YES_ERROR;
				CLANG_WARN_RANGE_LOOP_ANALYSIS = YES;
				CLANG_WARN_STRICT_PROTOTYPES = YES;
				CLANG_WARN_SUSPICIOUS_MOVE = YES;
				CLANG_WARN_UNGUARDED_AVAILABILITY = YES_AGGRESSIVE;
				CLANG_WARN_UNREACHABLE_CODE = YES;
				CLANG_WARN__DUPLICATE_METHOD_MATCH = YES;
				CODE_SIGN_IDENTITY = "iPhone Developer";
				COPY_PHASE_STRIP = NO;
				DEBUG_INFORMATION_FORMAT = "dwarf-with-dsym";
				ENABLE_NS_ASSERTIONS = NO;
				ENABLE_STRICT_OBJC_MSGSEND = YES;
				GCC_C_LANGUAGE_STANDARD = gnu11;
				GCC_NO_COMMON_BLOCKS = YES;
				GCC_WARN_64_TO_32_BIT_CONVERSION = YES;
				GCC_WARN_ABOUT_RETURN_TYPE = YES_ERROR;
				GCC_WARN_UNDECLARED_SELECTOR = YES;
				GCC_WARN_UNINITIALIZED_AUTOS = YES_AGGRESSIVE;
				GCC_WARN_UNUSED_FUNCTION = YES;
				GCC_WARN_UNUSED_VARIABLE = YES;
				IPHONEOS_DEPLOYMENT_TARGET = 11.4;
				MTL_ENABLE_DEBUG_INFO = NO;
				SDKROOT = iphoneos;
				VALIDATE_PRODUCT = YES;
			};
			name = Release;
		};
		51B0C25C210EAF8200BC15B9 /* Debug */ = {
			isa = XCBuildConfiguration;
			baseConfigurationReference = FB7E95F5D8FFDE07BB6C154E /* Pods-UniversalLinkDev.debug.xcconfig */;
			buildSettings = {
				ASSETCATALOG_COMPILER_APPICON_NAME = AppIcon;
				CODE_SIGN_ENTITLEMENTS = UniversalLinkDev/UniversalLinkDev.entitlements;
				CODE_SIGN_STYLE = Automatic;
				DEVELOPMENT_TEAM = D8Y5E9ZUX3;
				INFOPLIST_FILE = UniversalLinkDev/Info.plist;
				IPHONEOS_DEPLOYMENT_TARGET = 9.0;
				LD_RUNPATH_SEARCH_PATHS = (
					"$(inherited)",
					"@executable_path/Frameworks",
				);
				PRODUCT_BUNDLE_IDENTIFIER = com.CoderHG.UniversalLinkDev;
				PRODUCT_NAME = "$(TARGET_NAME)";
				TARGETED_DEVICE_FAMILY = "1,2";
			};
			name = Debug;
		};
		51B0C25D210EAF8200BC15B9 /* Release */ = {
			isa = XCBuildConfiguration;
			baseConfigurationReference = 01920780F4A1BB9F3479FDF8 /* Pods-UniversalLinkDev.release.xcconfig */;
			buildSettings = {
				ASSETCATALOG_COMPILER_APPICON_NAME = AppIcon;
				CODE_SIGN_ENTITLEMENTS = UniversalLinkDev/UniversalLinkDev.entitlements;
				CODE_SIGN_STYLE = Automatic;
				DEVELOPMENT_TEAM = D8Y5E9ZUX3;
				INFOPLIST_FILE = UniversalLinkDev/Info.plist;
				IPHONEOS_DEPLOYMENT_TARGET = 9.0;
				LD_RUNPATH_SEARCH_PATHS = (
					"$(inherited)",
					"@executable_path/Frameworks",
				);
				PRODUCT_BUNDLE_IDENTIFIER = com.CoderHG.UniversalLinkDev;
				PRODUCT_NAME = "$(TARGET_NAME)";
				TARGETED_DEVICE_FAMILY = "1,2";
			};
			name = Release;
		};
/* End XCBuildConfiguration section */

/* Begin XCConfigurationList section */
		51B0C240210EAF8000BC15B9 /* Build configuration list for PBXProject "UniversalLinkDev" */ = {
			isa = XCConfigurationList;
			buildConfigurations = (
				51B0C259210EAF8200BC15B9 /* Debug */,
				51B0C25A210EAF8200BC15B9 /* Release */,
			);
			defaultConfigurationIsVisible = 0;
			defaultConfigurationName = Release;
		};
		51B0C25B210EAF8200BC15B9 /* Build configuration list for PBXNativeTarget "UniversalLinkDev" */ = {
			isa = XCConfigurationList;
			buildConfigurations = (
				51B0C25C210EAF8200BC15B9 /* Debug */,
				51B0C25D210EAF8200BC15B9 /* Release */,
			);
			defaultConfigurationIsVisible = 0;
			defaultConfigurationName = Release;
		};
/* End XCConfigurationList section */
	};
	rootObject = 51B0C23D210EAF8000BC15B9 /* Project object */;
}
